
Microsoft Visual Studio Solution File, Format Version 12.00
# Visual Studio Version 17
VisualStudioVersion = 17.11.35303.130
MinimumVisualStudioVersion = 10.0.40219.1
Project("{9A19103F-16F7-4668-BE54-9A1E7A4F7556}") = "Tyuiu.NovikovaVA.Sprint4.Task0.V21", "Tyuiu.NovikovaVA.Sprint4.Task0.V21\Tyuiu.NovikovaVA.Sprint4.Task0.V21.csproj", "{2976E5C7-029D-4FA4-B005-AC0DC19D150C}"
EndProject
Project("{2150E333-8FDC-42A3-9474-1A3956D46DE8}") = "Task0", "Task0", "{5E4A7A34-9F80-4BC8-AC19-1B1AD7E4AB0F}"
EndProject
Project("{9A19103F-16F7-4668-BE54-9A1E7A4F7556}") = "Tyuiu.NovikovaVA.Sprint4.Task0.V21.Lib", "Tyuiu.NovikovaVA.Sprint4.Task0.V21.Lib\Tyuiu.NovikovaVA.Sprint4.Task0.V21.Lib.csproj", "{3966751B-5245-4F62-8306-E1BF0725064E}"
EndProject
Project("{9A19103F-16F7-4668-BE54-9A1E7A4F7556}") = "Tyuiu.NovikovaVA.Sprint4.Task0.V21.Test", "Tyuiu.NovikovaVA.Sprint4.Task0.V21.Test\Tyuiu.NovikovaVA.Sprint4.Task0.V21.Test.csproj", "{A203ED25-F3D1-4552-B68A-79F331BEE8C1}"
EndProject
Project("{2150E333-8FDC-42A3-9474-1A3956D46DE8}") = "Task1", "Task1", "{055E4120-51EE-472C-97D4-D6424C77A682}"
EndProject
Project("{9A19103F-16F7-4668-BE54-9A1E7A4F7556}") = "Tyuiu.NovikovaVA.Sprint4.Task1.V24", "Tyuiu.NovikovaVA.Sprint4.Task1.V24\Tyuiu.NovikovaVA.Sprint4.Task1.V24.csproj", "{F535C941-A6B4-4CE2-9BDF-B2B48B877896}"
EndProject
Project("{9A19103F-16F7-4668-BE54-9A1E7A4F7556}") = "Tyuiu.NovikovaVA.Sprint4.Task1.V24.Lib", "Tyuiu.NovikovaVA.Sprint4.Task1.V24.Lib\Tyuiu.NovikovaVA.Sprint4.Task1.V24.Lib.csproj", "{2A312556-A03F-415E-BECF-F2F3C220CB10}"
EndProject
Project("{9A19103F-16F7-4668-BE54-9A1E7A4F7556}") = "Tyuiu.NovikovaVA.Sprint4.Task1.V24.Test", "Tyuiu.NovikovaVA.Sprint4.Task1.V24.Test\Tyuiu.NovikovaVA.Sprint4.Task1.V24.Test.csproj", "{08D37CDA-C084-48ED-A23C-845220E8C74A}"
EndProject
Project("{2150E333-8FDC-42A3-9474-1A3956D46DE8}") = "Task2", "Task2", "{28663E7C-5E4A-4C6C-B501-851F25C14190}"
EndProject
Project("{9A19103F-16F7-4668-BE54-9A1E7A4F7556}") = "Tyuiu.NovikovaVA.Sprint4.Task2.V5", "Tyuiu.NovikovaVA.Sprint4.Task2.V5\Tyuiu.NovikovaVA.Sprint4.Task2.V5.csproj", "{923DA092-4E80-4C77-8F73-B19F9D4CB5F6}"
EndProject
Project("{9A19103F-16F7-4668-BE54-9A1E7A4F7556}") = "Tyuiu.NovikovaVA.Sprint4.Task2.V5.Lib", "Tyuiu.NovikovaVA.Sprint4.Task2.V5.Lib\Tyuiu.NovikovaVA.Sprint4.Task2.V5.Lib.csproj", "{1B07446D-659E-4BBA-8C01-5AFEE3475248}"
EndProject
Project("{9A19103F-16F7-4668-BE54-9A1E7A4F7556}") = "Tyuiu.NovikovaVA.Sprint4.Task2.V5.Test", "Tyuiu.NovikovaVA.Sprint4.Task2.V5.Test\Tyuiu.NovikovaVA.Sprint4.Task2.V5.Test.csproj", "{6D828F16-8764-4645-9A97-372657BA777A}"
EndProject
Project("{2150E333-8FDC-42A3-9474-1A3956D46DE8}") = "Task3", "Task3", "{A9CBC3CB-4C14-4615-BFBE-647681960248}"
EndProject
Project("{9A19103F-16F7-4668-BE54-9A1E7A4F7556}") = "Tyuiu.NovikovaVA.Sprint4.Task3.V15", "Tyuiu.NovikovaVA.Sprint4.Task3.V15\Tyuiu.NovikovaVA.Sprint4.Task3.V15.csproj", "{C7178275-407B-4255-8946-23214D01548D}"
EndProject
Project("{9A19103F-16F7-4668-BE54-9A1E7A4F7556}") = "Tyuiu.NovikovaVA.Sprint4.Task3.V15.Lib", "Tyuiu.NovikovaVA.Sprint4.Task3.V15.Lib\Tyuiu.NovikovaVA.Sprint4.Task3.V15.Lib.csproj", "{9624C895-D259-4207-915A-73DB078E1053}"
EndProject
Project("{9A19103F-16F7-4668-BE54-9A1E7A4F7556}") = "Tyuiu.NovikovaVA.Sprint4.Task3.V15.Test", "Tyuiu.NovikovaVA.Sprint4.Task3.V15.Test\Tyuiu.NovikovaVA.Sprint4.Task3.V15.Test.csproj", "{78699934-BBD9-4C8E-8BC7-9B42302593AD}"
EndProject
Project("{2150E333-8FDC-42A3-9474-1A3956D46DE8}") = "Task4", "Task4", "{5F929DF9-8965-4B1B-8CC9-40181FE80DCF}"
EndProject
Project("{9A19103F-16F7-4668-BE54-9A1E7A4F7556}") = "Tyuiu.NovikovaVA.Sprint4.Task4.V25", "Tyuiu.NovikovaVA.Sprint4.Task4.V25\Tyuiu.NovikovaVA.Sprint4.Task4.V25.csproj", "{6BE11F29-9FE0-49E0-9F99-70ED235B087D}"
EndProject
Project("{9A19103F-16F7-4668-BE54-9A1E7A4F7556}") = "Tyuiu.NovikovaVA.Sprint4.Task4.V25.Lib", "Tyuiu.NovikovaVA.Sprint4.Task4.V25.Lib\Tyuiu.NovikovaVA.Sprint4.Task4.V25.Lib.csproj", "{57A2FA76-CC9F-43C2-82BC-7FEFF9AE7678}"
EndProject
Project("{9A19103F-16F7-4668-BE54-9A1E7A4F7556}") = "Tyuiu.NovikovaVA.Sprint4.Task4.V25.Test", "Tyuiu.NovikovaVA.Sprint4.Task4.V25.Test\Tyuiu.NovikovaVA.Sprint4.Task4.V25.Test.csproj", "{03512414-6CB2-4AFB-B6E5-2A6C69A58427}"
EndProject
Project("{2150E333-8FDC-42A3-9474-1A3956D46DE8}") = "Task5", "Task5", "{B8869443-7617-455C-A88F-A1AB60B1379F}"
EndProject
Project("{9A19103F-16F7-4668-BE54-9A1E7A4F7556}") = "Tyuiu.NovikovaVA.Sprint4.Task5.V14", "Tyuiu.NovikovaVA.Sprint4.Task5.V14\Tyuiu.NovikovaVA.Sprint4.Task5.V14.csproj", "{76C6D2A4-4EC8-49C7-8341-8BE714A65778}"
EndProject
Project("{9A19103F-16F7-4668-BE54-9A1E7A4F7556}") = "Tyuiu.NovikovaVA.Sprint4.Task5.V14.Lib", "Tyuiu.NovikovaVA.Sprint4.Task5.V14.Lib\Tyuiu.NovikovaVA.Sprint4.Task5.V14.Lib.csproj", "{42467A49-82EE-447D-AD6D-E35AD001298D}"
EndProject
Project("{9A19103F-16F7-4668-BE54-9A1E7A4F7556}") = "Tyuiu.NovikovaVA.Sprint4.Task5.V14.Test", "Tyuiu.NovikovaVA.Sprint4.Task5.V14.Test\Tyuiu.NovikovaVA.Sprint4.Task5.V14.Test.csproj", "{27B8DBDB-5AE3-49BB-881E-5BB86D775900}"
EndProject
Project("{2150E333-8FDC-42A3-9474-1A3956D46DE8}") = "Task6", "Task6", "{100B1B9F-3CE2-4B49-AAFF-D3AF827EAFCB}"
EndProject
Project("{FAE04EC0-301F-11D3-BF4B-00C04F79EFBC}") = "Tyuiu.NovikovaVA.Sprint4.Task6.V22", "Tyuiu.NovikovaVA.Sprint4.Task6.V22\Tyuiu.NovikovaVA.Sprint4.Task6.V22.csproj", "{1CD7EE8E-F763-481C-8414-481417784A5A}"
EndProject
Project("{FAE04EC0-301F-11D3-BF4B-00C04F79EFBC}") = "Tyuiu.NovikovaVA.Sprint4.Task6.V22.Lib", "Tyuiu.NovikovaVA.Sprint4.Task6.V22.Lib\Tyuiu.NovikovaVA.Sprint4.Task6.V22.Lib.csproj", "{0BFEFE9D-B5D1-460F-A94D-261B18FA5E1A}"
EndProject
Project("{FAE04EC0-301F-11D3-BF4B-00C04F79EFBC}") = "Tyuiu.NovikovaVA.Sprint4.Task6.V22.Test", "Tyuiu.NovikovaVA.Sprint4.Task6.V22.Test\Tyuiu.NovikovaVA.Sprint4.Task6.V22.Test.csproj", "{3240D403-BDD2-4600-804D-AC287E6C961C}"
EndProject
Global
	GlobalSection(SolutionConfigurationPlatforms) = preSolution
		Debug|Any CPU = Debug|Any CPU
		Release|Any CPU = Release|Any CPU
	EndGlobalSection
	GlobalSection(ProjectConfigurationPlatforms) = postSolution
		{2976E5C7-029D-4FA4-B005-AC0DC19D150C}.Debug|Any CPU.ActiveCfg = Debug|Any CPU
		{2976E5C7-029D-4FA4-B005-AC0DC19D150C}.Debug|Any CPU.Build.0 = Debug|Any CPU
		{2976E5C7-029D-4FA4-B005-AC0DC19D150C}.Release|Any CPU.ActiveCfg = Release|Any CPU
		{2976E5C7-029D-4FA4-B005-AC0DC19D150C}.Release|Any CPU.Build.0 = Release|Any CPU
		{3966751B-5245-4F62-8306-E1BF0725064E}.Debug|Any CPU.ActiveCfg = Debug|Any CPU
		{3966751B-5245-4F62-8306-E1BF0725064E}.Debug|Any CPU.Build.0 = Debug|Any CPU
		{3966751B-5245-4F62-8306-E1BF0725064E}.Release|Any CPU.ActiveCfg = Release|Any CPU
		{3966751B-5245-4F62-8306-E1BF0725064E}.Release|Any CPU.Build.0 = Release|Any CPU
		{A203ED25-F3D1-4552-B68A-79F331BEE8C1}.Debug|Any CPU.ActiveCfg = Debug|Any CPU
		{A203ED25-F3D1-4552-B68A-79F331BEE8C1}.Debug|Any CPU.Build.0 = Debug|Any CPU
		{A203ED25-F3D1-4552-B68A-79F331BEE8C1}.Release|Any CPU.ActiveCfg = Release|Any CPU
		{A203ED25-F3D1-4552-B68A-79F331BEE8C1}.Release|Any CPU.Build.0 = Release|Any CPU
		{F535C941-A6B4-4CE2-9BDF-B2B48B877896}.Debug|Any CPU.ActiveCfg = Debug|Any CPU
		{F535C941-A6B4-4CE2-9BDF-B2B48B877896}.Debug|Any CPU.Build.0 = Debug|Any CPU
		{F535C941-A6B4-4CE2-9BDF-B2B48B877896}.Release|Any CPU.ActiveCfg = Release|Any CPU
		{F535C941-A6B4-4CE2-9BDF-B2B48B877896}.Release|Any CPU.Build.0 = Release|Any CPU
		{2A312556-A03F-415E-BECF-F2F3C220CB10}.Debug|Any CPU.ActiveCfg = Debug|Any CPU
		{2A312556-A03F-415E-BECF-F2F3C220CB10}.Debug|Any CPU.Build.0 = Debug|Any CPU
		{2A312556-A03F-415E-BECF-F2F3C220CB10}.Release|Any CPU.ActiveCfg = Release|Any CPU
		{2A312556-A03F-415E-BECF-F2F3C220CB10}.Release|Any CPU.Build.0 = Release|Any CPU
		{08D37CDA-C084-48ED-A23C-845220E8C74A}.Debug|Any CPU.ActiveCfg = Debug|Any CPU
		{08D37CDA-C084-48ED-A23C-845220E8C74A}.Debug|Any CPU.Build.0 = Debug|Any CPU
		{08D37CDA-C084-48ED-A23C-845220E8C74A}.Release|Any CPU.ActiveCfg = Release|Any CPU
		{08D37CDA-C084-48ED-A23C-845220E8C74A}.Release|Any CPU.Build.0 = Release|Any CPU
		{923DA092-4E80-4C77-8F73-B19F9D4CB5F6}.Debug|Any CPU.ActiveCfg = Debug|Any CPU
		{923DA092-4E80-4C77-8F73-B19F9D4CB5F6}.Debug|Any CPU.Build.0 = Debug|Any CPU
		{923DA092-4E80-4C77-8F73-B19F9D4CB5F6}.Release|Any CPU.ActiveCfg = Release|Any CPU
		{923DA092-4E80-4C77-8F73-B19F9D4CB5F6}.Release|Any CPU.Build.0 = Release|Any CPU
		{1B07446D-659E-4BBA-8C01-5AFEE3475248}.Debug|Any CPU.ActiveCfg = Debug|Any CPU
		{1B07446D-659E-4BBA-8C01-5AFEE3475248}.Debug|Any CPU.Build.0 = Debug|Any CPU
		{1B07446D-659E-4BBA-8C01-5AFEE3475248}.Release|Any CPU.ActiveCfg = Release|Any CPU
		{1B07446D-659E-4BBA-8C01-5AFEE3475248}.Release|Any CPU.Build.0 = Release|Any CPU
		{6D828F16-8764-4645-9A97-372657BA777A}.Debug|Any CPU.ActiveCfg = Debug|Any CPU
		{6D828F16-8764-4645-9A97-372657BA777A}.Debug|Any CPU.Build.0 = Debug|Any CPU
		{6D828F16-8764-4645-9A97-372657BA777A}.Release|Any CPU.ActiveCfg = Release|Any CPU
		{6D828F16-8764-4645-9A97-372657BA777A}.Release|Any CPU.Build.0 = Release|Any CPU
		{C7178275-407B-4255-8946-23214D01548D}.Debug|Any CPU.ActiveCfg = Debug|Any CPU
		{C7178275-407B-4255-8946-23214D01548D}.Debug|Any CPU.Build.0 = Debug|Any CPU
		{C7178275-407B-4255-8946-23214D01548D}.Release|Any CPU.ActiveCfg = Release|Any CPU
		{C7178275-407B-4255-8946-23214D01548D}.Release|Any CPU.Build.0 = Release|Any CPU
		{9624C895-D259-4207-915A-73DB078E1053}.Debug|Any CPU.ActiveCfg = Debug|Any CPU
		{9624C895-D259-4207-915A-73DB078E1053}.Debug|Any CPU.Build.0 = Debug|Any CPU
		{9624C895-D259-4207-915A-73DB078E1053}.Release|Any CPU.ActiveCfg = Release|Any CPU
		{9624C895-D259-4207-915A-73DB078E1053}.Release|Any CPU.Build.0 = Release|Any CPU
		{78699934-BBD9-4C8E-8BC7-9B42302593AD}.Debug|Any CPU.ActiveCfg = Debug|Any CPU
		{78699934-BBD9-4C8E-8BC7-9B42302593AD}.Debug|Any CPU.Build.0 = Debug|Any CPU
		{78699934-BBD9-4C8E-8BC7-9B42302593AD}.Release|Any CPU.ActiveCfg = Release|Any CPU
		{78699934-BBD9-4C8E-8BC7-9B42302593AD}.Release|Any CPU.Build.0 = Release|Any CPU
		{6BE11F29-9FE0-49E0-9F99-70ED235B087D}.Debug|Any CPU.ActiveCfg = Debug|Any CPU
		{6BE11F29-9FE0-49E0-9F99-70ED235B087D}.Debug|Any CPU.Build.0 = Debug|Any CPU
		{6BE11F29-9FE0-49E0-9F99-70ED235B087D}.Release|Any CPU.ActiveCfg = Release|Any CPU
		{6BE11F29-9FE0-49E0-9F99-70ED235B087D}.Release|Any CPU.Build.0 = Release|Any CPU
		{57A2FA76-CC9F-43C2-82BC-7FEFF9AE7678}.Debug|Any CPU.ActiveCfg = Debug|Any CPU
		{57A2FA76-CC9F-43C2-82BC-7FEFF9AE7678}.Debug|Any CPU.Build.0 = Debug|Any CPU
		{57A2FA76-CC9F-43C2-82BC-7FEFF9AE7678}.Release|Any CPU.ActiveCfg = Release|Any CPU
		{57A2FA76-CC9F-43C2-82BC-7FEFF9AE7678}.Release|Any CPU.Build.0 = Release|Any CPU
		{03512414-6CB2-4AFB-B6E5-2A6C69A58427}.Debug|Any CPU.ActiveCfg = Debug|Any CPU
		{03512414-6CB2-4AFB-B6E5-2A6C69A58427}.Debug|Any CPU.Build.0 = Debug|Any CPU
		{03512414-6CB2-4AFB-B6E5-2A6C69A58427}.Release|Any CPU.ActiveCfg = Release|Any CPU
		{03512414-6CB2-4AFB-B6E5-2A6C69A58427}.Release|Any CPU.Build.0 = Release|Any CPU
		{76C6D2A4-4EC8-49C7-8341-8BE714A65778}.Debug|Any CPU.ActiveCfg = Debug|Any CPU
		{76C6D2A4-4EC8-49C7-8341-8BE714A65778}.Debug|Any CPU.Build.0 = Debug|Any CPU
		{76C6D2A4-4EC8-49C7-8341-8BE714A65778}.Release|Any CPU.ActiveCfg = Release|Any CPU
		{76C6D2A4-4EC8-49C7-8341-8BE714A65778}.Release|Any CPU.Build.0 = Release|Any CPU
		{42467A49-82EE-447D-AD6D-E35AD001298D}.Debug|Any CPU.ActiveCfg = Debug|Any CPU
		{42467A49-82EE-447D-AD6D-E35AD001298D}.Debug|Any CPU.Build.0 = Debug|Any CPU
		{42467A49-82EE-447D-AD6D-E35AD001298D}.Release|Any CPU.ActiveCfg = Release|Any CPU
		{42467A49-82EE-447D-AD6D-E35AD001298D}.Release|Any CPU.Build.0 = Release|Any CPU
		{27B8DBDB-5AE3-49BB-881E-5BB86D775900}.Debug|Any CPU.ActiveCfg = Debug|Any CPU
		{27B8DBDB-5AE3-49BB-881E-5BB86D775900}.Debug|Any CPU.Build.0 = Debug|Any CPU
		{27B8DBDB-5AE3-49BB-881E-5BB86D775900}.Release|Any CPU.ActiveCfg = Release|Any CPU
		{27B8DBDB-5AE3-49BB-881E-5BB86D775900}.Release|Any CPU.Build.0 = Release|Any CPU
		{1CD7EE8E-F763-481C-8414-481417784A5A}.Debug|Any CPU.ActiveCfg = Debug|Any CPU
		{1CD7EE8E-F763-481C-8414-481417784A5A}.Debug|Any CPU.Build.0 = Debug|Any CPU
		{1CD7EE8E-F763-481C-8414-481417784A5A}.Release|Any CPU.ActiveCfg = Release|Any CPU
		{1CD7EE8E-F763-481C-8414-481417784A5A}.Release|Any CPU.Build.0 = Release|Any CPU
		{0BFEFE9D-B5D1-460F-A94D-261B18FA5E1A}.Debug|Any CPU.ActiveCfg = Debug|Any CPU
		{0BFEFE9D-B5D1-460F-A94D-261B18FA5E1A}.Debug|Any CPU.Build.0 = Debug|Any CPU
		{0BFEFE9D-B5D1-460F-A94D-261B18FA5E1A}.Release|Any CPU.ActiveCfg = Release|Any CPU
		{0BFEFE9D-B5D1-460F-A94D-261B18FA5E1A}.Release|Any CPU.Build.0 = Release|Any CPU
		{3240D403-BDD2-4600-804D-AC287E6C961C}.Debug|Any CPU.ActiveCfg = Debug|Any CPU
		{3240D403-BDD2-4600-804D-AC287E6C961C}.Debug|Any CPU.Build.0 = Debug|Any CPU
		{3240D403-BDD2-4600-804D-AC287E6C961C}.Release|Any CPU.ActiveCfg = Release|Any CPU
		{3240D403-BDD2-4600-804D-AC287E6C961C}.Release|Any CPU.Build.0 = Release|Any CPU
	EndGlobalSection
	GlobalSection(SolutionProperties) = preSolution
		HideSolutionNode = FALSE
	EndGlobalSection
	GlobalSection(NestedProjects) = preSolution
		{2976E5C7-029D-4FA4-B005-AC0DC19D150C} = {5E4A7A34-9F80-4BC8-AC19-1B1AD7E4AB0F}
		{3966751B-5245-4F62-8306-E1BF0725064E} = {5E4A7A34-9F80-4BC8-AC19-1B1AD7E4AB0F}
		{A203ED25-F3D1-4552-B68A-79F331BEE8C1} = {5E4A7A34-9F80-4BC8-AC19-1B1AD7E4AB0F}
		{F535C941-A6B4-4CE2-9BDF-B2B48B877896} = {055E4120-51EE-472C-97D4-D6424C77A682}
		{2A312556-A03F-415E-BECF-F2F3C220CB10} = {055E4120-51EE-472C-97D4-D6424C77A682}
		{08D37CDA-C084-48ED-A23C-845220E8C74A} = {055E4120-51EE-472C-97D4-D6424C77A682}
		{923DA092-4E80-4C77-8F73-B19F9D4CB5F6} = {28663E7C-5E4A-4C6C-B501-851F25C14190}
		{1B07446D-659E-4BBA-8C01-5AFEE3475248} = {28663E7C-5E4A-4C6C-B501-851F25C14190}
		{6D828F16-8764-4645-9A97-372657BA777A} = {28663E7C-5E4A-4C6C-B501-851F25C14190}
		{C7178275-407B-4255-8946-23214D01548D} = {A9CBC3CB-4C14-4615-BFBE-647681960248}
		{9624C895-D259-4207-915A-73DB078E1053} = {A9CBC3CB-4C14-4615-BFBE-647681960248}
		{78699934-BBD9-4C8E-8BC7-9B42302593AD} = {A9CBC3CB-4C14-4615-BFBE-647681960248}
		{6BE11F29-9FE0-49E0-9F99-70ED235B087D} = {5F929DF9-8965-4B1B-8CC9-40181FE80DCF}
		{57A2FA76-CC9F-43C2-82BC-7FEFF9AE7678} = {5F929DF9-8965-4B1B-8CC9-40181FE80DCF}
		{03512414-6CB2-4AFB-B6E5-2A6C69A58427} = {5F929DF9-8965-4B1B-8CC9-40181FE80DCF}
		{76C6D2A4-4EC8-49C7-8341-8BE714A65778} = {B8869443-7617-455C-A88F-A1AB60B1379F}
		{42467A49-82EE-447D-AD6D-E35AD001298D} = {B8869443-7617-455C-A88F-A1AB60B1379F}
		{27B8DBDB-5AE3-49BB-881E-5BB86D775900} = {B8869443-7617-455C-A88F-A1AB60B1379F}
		{1CD7EE8E-F763-481C-8414-481417784A5A} = {100B1B9F-3CE2-4B49-AAFF-D3AF827EAFCB}
		{0BFEFE9D-B5D1-460F-A94D-261B18FA5E1A} = {100B1B9F-3CE2-4B49-AAFF-D3AF827EAFCB}
		{3240D403-BDD2-4600-804D-AC287E6C961C} = {100B1B9F-3CE2-4B49-AAFF-D3AF827EAFCB}
	EndGlobalSection
	GlobalSection(ExtensibilityGlobals) = postSolution
		SolutionGuid = {181F1862-963D-4B5D-9AC4-9D49DC090322}
	EndGlobalSection
EndGlobal
